
Microsoft Visual Studio Solution File, Format Version 12.00
# Visual Studio Version 17
VisualStudioVersion = 17.2.32519.379
MinimumVisualStudioVersion = 10.0.40219.1
Project("{FAE04EC0-301F-11D3-BF4B-00C04F79EFBC}") = "TeamArbeitSpiel", "TeamArbeitSpiel\TeamArbeitSpiel.csproj", "{B44161E3-099A-4C7F-AB2D-7C8B4448EAFB}"
EndProject
Project("{54435603-DBB4-11D2-8724-00A0C9A8B90C}") = "M213_Projektarbeit_Installer", "M213_Projektarbeit_Installer\M213_Projektarbeit_Installer.vdproj", "{6E2DE4F3-313B-4869-B485-C37D56B05D9B}"
EndProject
Global
	GlobalSection(SolutionConfigurationPlatforms) = preSolution
		Debug|Any CPU = Debug|Any CPU
		Release|Any CPU = Release|Any CPU
	EndGlobalSection
	GlobalSection(ProjectConfigurationPlatforms) = postSolution
		{B44161E3-099A-4C7F-AB2D-7C8B4448EAFB}.Debug|Any CPU.ActiveCfg = Debug|Any CPU
		{B44161E3-099A-4C7F-AB2D-7C8B4448EAFB}.Debug|Any CPU.Build.0 = Debug|Any CPU
		{B44161E3-099A-4C7F-AB2D-7C8B4448EAFB}.Release|Any CPU.ActiveCfg = Release|Any CPU
		{B44161E3-099A-4C7F-AB2D-7C8B4448EAFB}.Release|Any CPU.Build.0 = Release|Any CPU
		{6E2DE4F3-313B-4869-B485-C37D56B05D9B}.Debug|Any CPU.ActiveCfg = Debug
		{6E2DE4F3-313B-4869-B485-C37D56B05D9B}.Release|Any CPU.ActiveCfg = Release
	EndGlobalSection
	GlobalSection(SolutionProperties) = preSolution
		HideSolutionNode = FALSE
	EndGlobalSection
	GlobalSection(ExtensibilityGlobals) = postSolution
		SolutionGuid = {34C8E114-61E3-42C3-859C-E7B2855B82C4}
	EndGlobalSection
EndGlobal
